
Microsoft Visual Studio Solution File, Format Version 12.00
# Visual Studio 15
VisualStudioVersion = 15.0.27428.2011
MinimumVisualStudioVersion = 10.0.40219.1
Project("{FAE04EC0-301F-11D3-BF4B-00C04F79EFBC}") = "Smart_calculator", "Smart_calculator\Smart_calculator.csproj", "{E60A0454-2E41-4B8C-8CFC-7168052029D9}"
EndProject
Global
	GlobalSection(SolutionConfigurationPlatforms) = preSolution
		Debug|Any CPU = Debug|Any CPU
		Release|Any CPU = Release|Any CPU
	EndGlobalSection
	GlobalSection(ProjectConfigurationPlatforms) = postSolution
		{E60A0454-2E41-4B8C-8CFC-7168052029D9}.Debug|Any CPU.ActiveCfg = Debug|Any CPU
		{E60A0454-2E41-4B8C-8CFC-7168052029D9}.Debug|Any CPU.Build.0 = Debug|Any CPU
		{E60A0454-2E41-4B8C-8CFC-7168052029D9}.Release|Any CPU.ActiveCfg = Release|Any CPU
		{E60A0454-2E41-4B8C-8CFC-7168052029D9}.Release|Any CPU.Build.0 = Release|Any CPU
	EndGlobalSection
	GlobalSection(SolutionProperties) = preSolution
		HideSolutionNode = FALSE
	EndGlobalSection
	GlobalSection(ExtensibilityGlobals) = postSolution
		SolutionGuid = {3E42FC3D-F63A-4E81-B3D0-126320DB1885}
	EndGlobalSection
EndGlobal
